
Microsoft Visual Studio Solution File, Format Version 12.00
# Visual Studio Version 17
VisualStudioVersion = 17.4.33213.308
MinimumVisualStudioVersion = 10.0.40219.1
Project("{FAE04EC0-301F-11D3-BF4B-00C04F79EFBC}") = "Mellow Garden WPF", "Mellow Garden WPF\Mellow Garden WPF.csproj", "{CEB23EBC-834E-4CEC-A3EB-2992D5BBCFE9}"
EndProject
Global
	GlobalSection(SolutionConfigurationPlatforms) = preSolution
		Debug|Any CPU = Debug|Any CPU
		Release|Any CPU = Release|Any CPU
	EndGlobalSection
	GlobalSection(ProjectConfigurationPlatforms) = postSolution
		{CEB23EBC-834E-4CEC-A3EB-2992D5BBCFE9}.Debug|Any CPU.ActiveCfg = Debug|Any CPU
		{CEB23EBC-834E-4CEC-A3EB-2992D5BBCFE9}.Debug|Any CPU.Build.0 = Debug|Any CPU
		{CEB23EBC-834E-4CEC-A3EB-2992D5BBCFE9}.Release|Any CPU.ActiveCfg = Release|Any CPU
		{CEB23EBC-834E-4CEC-A3EB-2992D5BBCFE9}.Release|Any CPU.Build.0 = Release|Any CPU
	EndGlobalSection
	GlobalSection(SolutionProperties) = preSolution
		HideSolutionNode = FALSE
	EndGlobalSection
	GlobalSection(ExtensibilityGlobals) = postSolution
		SolutionGuid = {D59F9F14-EBC4-4038-B76B-C08FD9AB1D78}
	EndGlobalSection
EndGlobal
